
Microsoft Visual Studio Solution File, Format Version 12.00
# Visual Studio Version 16
VisualStudioVersion = 16.0.29519.181
MinimumVisualStudioVersion = 10.0.40219.1
Project("{FAE04EC0-301F-11D3-BF4B-00C04F79EFBC}") = "KlinikApp", "KlinikApp\KlinikApp.csproj", "{31D16DF7-B5DC-4B10-8D0A-85EEC8949898}"
EndProject
Global
	GlobalSection(SolutionConfigurationPlatforms) = preSolution
		Debug|Any CPU = Debug|Any CPU
		Release|Any CPU = Release|Any CPU
	EndGlobalSection
	GlobalSection(ProjectConfigurationPlatforms) = postSolution
		{31D16DF7-B5DC-4B10-8D0A-85EEC8949898}.Debug|Any CPU.ActiveCfg = Debug|Any CPU
		{31D16DF7-B5DC-4B10-8D0A-85EEC8949898}.Debug|Any CPU.Build.0 = Debug|Any CPU
		{31D16DF7-B5DC-4B10-8D0A-85EEC8949898}.Release|Any CPU.ActiveCfg = Release|Any CPU
		{31D16DF7-B5DC-4B10-8D0A-85EEC8949898}.Release|Any CPU.Build.0 = Release|Any CPU
	EndGlobalSection
	GlobalSection(SolutionProperties) = preSolution
		HideSolutionNode = FALSE
	EndGlobalSection
	GlobalSection(ExtensibilityGlobals) = postSolution
		SolutionGuid = {B1C189A7-AE52-444B-A7FB-49CCBC89B12E}
	EndGlobalSection
EndGlobal
